
Microsoft Visual Studio Solution File, Format Version 12.00
# Visual Studio 15
VisualStudioVersion = 15.0.27130.2027
MinimumVisualStudioVersion = 10.0.40219.1
Project("{FAE04EC0-301F-11D3-BF4B-00C04F79EFBC}") = "SortAlgorithmVisualization", "SortAlgorithmVisualization\SortAlgorithmVisualization.csproj", "{5BB2DA2E-999A-44E4-B576-F3CB7619CF7B}"
EndProject
Global
	GlobalSection(SolutionConfigurationPlatforms) = preSolution
		Debug|Any CPU = Debug|Any CPU
		Release|Any CPU = Release|Any CPU
	EndGlobalSection
	GlobalSection(ProjectConfigurationPlatforms) = postSolution
		{5BB2DA2E-999A-44E4-B576-F3CB7619CF7B}.Debug|Any CPU.ActiveCfg = Debug|Any CPU
		{5BB2DA2E-999A-44E4-B576-F3CB7619CF7B}.Debug|Any CPU.Build.0 = Debug|Any CPU
		{5BB2DA2E-999A-44E4-B576-F3CB7619CF7B}.Release|Any CPU.ActiveCfg = Release|Any CPU
		{5BB2DA2E-999A-44E4-B576-F3CB7619CF7B}.Release|Any CPU.Build.0 = Release|Any CPU
	EndGlobalSection
	GlobalSection(SolutionProperties) = preSolution
		HideSolutionNode = FALSE
	EndGlobalSection
	GlobalSection(ExtensibilityGlobals) = postSolution
		SolutionGuid = {1E15031F-6D5D-41E6-843C-ABBC8DD613F5}
	EndGlobalSection
EndGlobal
